// !$*UTF8*$!
{
	archiveVersion = 1;
	classes = {
	};
	objectVersion = 56;
	objects = {

/* Begin PBXBuildFile section */
		7D6CCB222C6CEED800E56025 /* AppDelegate.swift in Sources */ = {isa = PBXBuildFile; fileRef = 7D6CCB212C6CEED800E56025 /* AppDelegate.swift */; };
		7D6CCB242C6CEED800E56025 /* SceneDelegate.swift in Sources */ = {isa = PBXBuildFile; fileRef = 7D6CCB232C6CEED800E56025 /* SceneDelegate.swift */; };
		7D6CCB262C6CEED800E56025 /* ViewController.swift in Sources */ = {isa = PBXBuildFile; fileRef = 7D6CCB252C6CEED800E56025 /* ViewController.swift */; };
		7D6CCB292C6CEED800E56025 /* Base in Resources */ = {isa = PBXBuildFile; fileRef = 7D6CCB282C6CEED800E56025 /* Base */; };
		7D6CCB2B2C6CEEDB00E56025 /* Assets.xcassets in Resources */ = {isa = PBXBuildFile; fileRef = 7D6CCB2A2C6CEEDB00E56025 /* Assets.xcassets */; };
		7D6CCB2E2C6CEEDB00E56025 /* Base in Resources */ = {isa = PBXBuildFile; fileRef = 7D6CCB2D2C6CEEDB00E56025 /* Base */; };
		7D6CCB362C6CEF2200E56025 /* .gitignore in Resources */ = {isa = PBXBuildFile; fileRef = 7D6CCB352C6CEF2200E56025 /* .gitignore */; };
		7D6CCB3B2C6CF12400E56025 /* APIURL.swift in Sources */ = {isa = PBXBuildFile; fileRef = 7D6CCB3A2C6CF12400E56025 /* APIURL.swift */; };
		7D6CCB3D2C6CF13700E56025 /* APIKey.swift in Sources */ = {isa = PBXBuildFile; fileRef = 7D6CCB3C2C6CF13700E56025 /* APIKey.swift */; };
		7D6CCB9C2C6E4F3200E56025 /* Colors.xcassets in Resources */ = {isa = PBXBuildFile; fileRef = 7D6CCB9B2C6E4F3200E56025 /* Colors.xcassets */; };
		7D6CCB9F2C6E513D00E56025 /* NameSpace.swift in Sources */ = {isa = PBXBuildFile; fileRef = 7D6CCB9E2C6E513D00E56025 /* NameSpace.swift */; };
		7DFE27D82C71953700DB5AEE /* LoginViewController.swift in Sources */ = {isa = PBXBuildFile; fileRef = 7DFE27D72C71953700DB5AEE /* LoginViewController.swift */; };
		7DFE27DE2C7195F400DB5AEE /* LoginView.swift in Sources */ = {isa = PBXBuildFile; fileRef = 7DFE27DD2C7195F400DB5AEE /* LoginView.swift */; };
		7DFE27E12C71966B00DB5AEE /* BaseView.swift in Sources */ = {isa = PBXBuildFile; fileRef = 7DFE27E02C71966B00DB5AEE /* BaseView.swift */; };
		7DFE27E32C71969F00DB5AEE /* UIView++.swift in Sources */ = {isa = PBXBuildFile; fileRef = 7DFE27E22C71969F00DB5AEE /* UIView++.swift */; };
		7DFE27E62C7199AD00DB5AEE /* SnapKit in Frameworks */ = {isa = PBXBuildFile; productRef = 7DFE27E52C7199AD00DB5AEE /* SnapKit */; };
		7DFE27E92C7199C800DB5AEE /* RxCocoa in Frameworks */ = {isa = PBXBuildFile; productRef = 7DFE27E82C7199C800DB5AEE /* RxCocoa */; };
		7DFE27EB2C7199C800DB5AEE /* RxSwift in Frameworks */ = {isa = PBXBuildFile; productRef = 7DFE27EA2C7199C800DB5AEE /* RxSwift */; };
		7DFE27EE2C7199D300DB5AEE /* Alamofire in Frameworks */ = {isa = PBXBuildFile; productRef = 7DFE27ED2C7199D300DB5AEE /* Alamofire */; };
		7DFE27F12C719EDF00DB5AEE /* LoginViewModel.swift in Sources */ = {isa = PBXBuildFile; fileRef = 7DFE27F02C719EDF00DB5AEE /* LoginViewModel.swift */; };
		7DFE27F32C71A7C000DB5AEE /* BaseViewController.swift in Sources */ = {isa = PBXBuildFile; fileRef = 7DFE27F22C71A7C000DB5AEE /* BaseViewController.swift */; };
		7DFE27F52C71A7E400DB5AEE /* BaseViewModel.swift in Sources */ = {isa = PBXBuildFile; fileRef = 7DFE27F42C71A7E400DB5AEE /* BaseViewModel.swift */; };
		7DFE27FA2C71AA8600DB5AEE /* MainNormalButton.swift in Sources */ = {isa = PBXBuildFile; fileRef = 7DFE27F92C71AA8600DB5AEE /* MainNormalButton.swift */; };
		7DFE27FD2C71ABB700DB5AEE /* NormalOutlineTextField.swift in Sources */ = {isa = PBXBuildFile; fileRef = 7DFE27FC2C71ABB700DB5AEE /* NormalOutlineTextField.swift */; };
		7DFE27FF2C71B6BF00DB5AEE /* NetworkManager.swift in Sources */ = {isa = PBXBuildFile; fileRef = 7DFE27FE2C71B6BF00DB5AEE /* NetworkManager.swift */; };
		7DFE28032C71B99F00DB5AEE /* LoginModel.swift in Sources */ = {isa = PBXBuildFile; fileRef = 7DFE28022C71B99F00DB5AEE /* LoginModel.swift */; };
		7DFE28062C71BA6F00DB5AEE /* UserDefaultsWrapper.swift in Sources */ = {isa = PBXBuildFile; fileRef = 7DFE28052C71BA6F00DB5AEE /* UserDefaultsWrapper.swift */; };
		7DFE28082C71FC8A00DB5AEE /* TargetType.swift in Sources */ = {isa = PBXBuildFile; fileRef = 7DFE28072C71FC8A00DB5AEE /* TargetType.swift */; };
		7DFE280A2C71FDA200DB5AEE /* Router.swift in Sources */ = {isa = PBXBuildFile; fileRef = 7DFE28092C71FDA200DB5AEE /* Router.swift */; };
		7DFE280D2C72359C00DB5AEE /* Toast in Frameworks */ = {isa = PBXBuildFile; productRef = 7DFE280C2C72359C00DB5AEE /* Toast */; };
		7DFE280F2C7238BB00DB5AEE /* UIViewController++.swift in Sources */ = {isa = PBXBuildFile; fileRef = 7DFE280E2C7238BB00DB5AEE /* UIViewController++.swift */; };
		7DFE28142C72397400DB5AEE /* PostPlaylistViewController.swift in Sources */ = {isa = PBXBuildFile; fileRef = 7DFE28132C72397400DB5AEE /* PostPlaylistViewController.swift */; };
		7DFE28182C723AD000DB5AEE /* PlaylistListViewController.swift in Sources */ = {isa = PBXBuildFile; fileRef = 7DFE28172C723AD000DB5AEE /* PlaylistListViewController.swift */; };
		7DFE28242C72F8B400DB5AEE /* PlaylistListView.swift in Sources */ = {isa = PBXBuildFile; fileRef = 7DFE28232C72F8B400DB5AEE /* PlaylistListView.swift */; };
		7DFE28262C72F8CF00DB5AEE /* PlaylistListViewModel.swift in Sources */ = {isa = PBXBuildFile; fileRef = 7DFE28252C72F8CF00DB5AEE /* PlaylistListViewModel.swift */; };
		7DFE28292C72FF7700DB5AEE /* PostPlaylistView.swift in Sources */ = {isa = PBXBuildFile; fileRef = 7DFE28282C72FF7700DB5AEE /* PostPlaylistView.swift */; };
		7DFE282C2C72FFC000DB5AEE /* PostPlaylistViewModel.swift in Sources */ = {isa = PBXBuildFile; fileRef = 7DFE282B2C72FFC000DB5AEE /* PostPlaylistViewModel.swift */; };
		7DFE282F2C730F5800DB5AEE /* PostPlaylistModel.swift in Sources */ = {isa = PBXBuildFile; fileRef = 7DFE282E2C730F5800DB5AEE /* PostPlaylistModel.swift */; };
		7DFE28312C7313FD00DB5AEE /* Song.swift in Sources */ = {isa = PBXBuildFile; fileRef = 7DFE28302C7313FD00DB5AEE /* Song.swift */; };
/* End PBXBuildFile section */

/* Begin PBXFileReference section */
		7D6CCB1E2C6CEED800E56025 /* MaPl-UPl.app */ = {isa = PBXFileReference; explicitFileType = wrapper.application; includeInIndex = 0; path = "MaPl-UPl.app"; sourceTree = BUILT_PRODUCTS_DIR; };
		7D6CCB212C6CEED800E56025 /* AppDelegate.swift */ = {isa = PBXFileReference; lastKnownFileType = sourcecode.swift; path = AppDelegate.swift; sourceTree = "<group>"; };
		7D6CCB232C6CEED800E56025 /* SceneDelegate.swift */ = {isa = PBXFileReference; lastKnownFileType = sourcecode.swift; path = SceneDelegate.swift; sourceTree = "<group>"; };
		7D6CCB252C6CEED800E56025 /* ViewController.swift */ = {isa = PBXFileReference; lastKnownFileType = sourcecode.swift; path = ViewController.swift; sourceTree = "<group>"; };
		7D6CCB282C6CEED800E56025 /* Base */ = {isa = PBXFileReference; lastKnownFileType = file.storyboard; name = Base; path = Base.lproj/Main.storyboard; sourceTree = "<group>"; };
		7D6CCB2A2C6CEEDB00E56025 /* Assets.xcassets */ = {isa = PBXFileReference; lastKnownFileType = folder.assetcatalog; path = Assets.xcassets; sourceTree = "<group>"; };
		7D6CCB2D2C6CEEDB00E56025 /* Base */ = {isa = PBXFileReference; lastKnownFileType = file.storyboard; name = Base; path = Base.lproj/LaunchScreen.storyboard; sourceTree = "<group>"; };
		7D6CCB2F2C6CEEDB00E56025 /* Info.plist */ = {isa = PBXFileReference; lastKnownFileType = text.plist.xml; path = Info.plist; sourceTree = "<group>"; };
		7D6CCB352C6CEF2200E56025 /* .gitignore */ = {isa = PBXFileReference; lastKnownFileType = text; path = .gitignore; sourceTree = "<group>"; };
		7D6CCB3A2C6CF12400E56025 /* APIURL.swift */ = {isa = PBXFileReference; lastKnownFileType = sourcecode.swift; path = APIURL.swift; sourceTree = "<group>"; };
		7D6CCB3C2C6CF13700E56025 /* APIKey.swift */ = {isa = PBXFileReference; lastKnownFileType = sourcecode.swift; path = APIKey.swift; sourceTree = "<group>"; };
		7D6CCB9B2C6E4F3200E56025 /* Colors.xcassets */ = {isa = PBXFileReference; lastKnownFileType = folder.assetcatalog; path = Colors.xcassets; sourceTree = "<group>"; };
		7D6CCB9E2C6E513D00E56025 /* NameSpace.swift */ = {isa = PBXFileReference; lastKnownFileType = sourcecode.swift; path = NameSpace.swift; sourceTree = "<group>"; };
		7DFE27D72C71953700DB5AEE /* LoginViewController.swift */ = {isa = PBXFileReference; lastKnownFileType = sourcecode.swift; path = LoginViewController.swift; sourceTree = "<group>"; };
		7DFE27DD2C7195F400DB5AEE /* LoginView.swift */ = {isa = PBXFileReference; lastKnownFileType = sourcecode.swift; path = LoginView.swift; sourceTree = "<group>"; };
		7DFE27E02C71966B00DB5AEE /* BaseView.swift */ = {isa = PBXFileReference; lastKnownFileType = sourcecode.swift; path = BaseView.swift; sourceTree = "<group>"; };
		7DFE27E22C71969F00DB5AEE /* UIView++.swift */ = {isa = PBXFileReference; lastKnownFileType = sourcecode.swift; path = "UIView++.swift"; sourceTree = "<group>"; };
		7DFE27F02C719EDF00DB5AEE /* LoginViewModel.swift */ = {isa = PBXFileReference; lastKnownFileType = sourcecode.swift; path = LoginViewModel.swift; sourceTree = "<group>"; };
		7DFE27F22C71A7C000DB5AEE /* BaseViewController.swift */ = {isa = PBXFileReference; lastKnownFileType = sourcecode.swift; path = BaseViewController.swift; sourceTree = "<group>"; };
		7DFE27F42C71A7E400DB5AEE /* BaseViewModel.swift */ = {isa = PBXFileReference; lastKnownFileType = sourcecode.swift; path = BaseViewModel.swift; sourceTree = "<group>"; };
		7DFE27F92C71AA8600DB5AEE /* MainNormalButton.swift */ = {isa = PBXFileReference; lastKnownFileType = sourcecode.swift; path = MainNormalButton.swift; sourceTree = "<group>"; };
		7DFE27FC2C71ABB700DB5AEE /* NormalOutlineTextField.swift */ = {isa = PBXFileReference; lastKnownFileType = sourcecode.swift; path = NormalOutlineTextField.swift; sourceTree = "<group>"; };
		7DFE27FE2C71B6BF00DB5AEE /* NetworkManager.swift */ = {isa = PBXFileReference; lastKnownFileType = sourcecode.swift; path = NetworkManager.swift; sourceTree = "<group>"; };
		7DFE28022C71B99F00DB5AEE /* LoginModel.swift */ = {isa = PBXFileReference; lastKnownFileType = sourcecode.swift; path = LoginModel.swift; sourceTree = "<group>"; };
		7DFE28052C71BA6F00DB5AEE /* UserDefaultsWrapper.swift */ = {isa = PBXFileReference; lastKnownFileType = sourcecode.swift; path = UserDefaultsWrapper.swift; sourceTree = "<group>"; };
		7DFE28072C71FC8A00DB5AEE /* TargetType.swift */ = {isa = PBXFileReference; lastKnownFileType = sourcecode.swift; path = TargetType.swift; sourceTree = "<group>"; };
		7DFE28092C71FDA200DB5AEE /* Router.swift */ = {isa = PBXFileReference; lastKnownFileType = sourcecode.swift; path = Router.swift; sourceTree = "<group>"; };
		7DFE280E2C7238BB00DB5AEE /* UIViewController++.swift */ = {isa = PBXFileReference; lastKnownFileType = sourcecode.swift; path = "UIViewController++.swift"; sourceTree = "<group>"; };
		7DFE28132C72397400DB5AEE /* PostPlaylistViewController.swift */ = {isa = PBXFileReference; lastKnownFileType = sourcecode.swift; path = PostPlaylistViewController.swift; sourceTree = "<group>"; };
		7DFE28172C723AD000DB5AEE /* PlaylistListViewController.swift */ = {isa = PBXFileReference; lastKnownFileType = sourcecode.swift; path = PlaylistListViewController.swift; sourceTree = "<group>"; };
		7DFE28232C72F8B400DB5AEE /* PlaylistListView.swift */ = {isa = PBXFileReference; lastKnownFileType = sourcecode.swift; path = PlaylistListView.swift; sourceTree = "<group>"; };
		7DFE28252C72F8CF00DB5AEE /* PlaylistListViewModel.swift */ = {isa = PBXFileReference; lastKnownFileType = sourcecode.swift; path = PlaylistListViewModel.swift; sourceTree = "<group>"; };
		7DFE28282C72FF7700DB5AEE /* PostPlaylistView.swift */ = {isa = PBXFileReference; lastKnownFileType = sourcecode.swift; path = PostPlaylistView.swift; sourceTree = "<group>"; };
		7DFE282B2C72FFC000DB5AEE /* PostPlaylistViewModel.swift */ = {isa = PBXFileReference; lastKnownFileType = sourcecode.swift; path = PostPlaylistViewModel.swift; sourceTree = "<group>"; };
		7DFE282E2C730F5800DB5AEE /* PostPlaylistModel.swift */ = {isa = PBXFileReference; lastKnownFileType = sourcecode.swift; path = PostPlaylistModel.swift; sourceTree = "<group>"; };
		7DFE28302C7313FD00DB5AEE /* Song.swift */ = {isa = PBXFileReference; lastKnownFileType = sourcecode.swift; path = Song.swift; sourceTree = "<group>"; };
/* End PBXFileReference section */

/* Begin PBXFrameworksBuildPhase section */
		7D6CCB1B2C6CEED800E56025 /* Frameworks */ = {
			isa = PBXFrameworksBuildPhase;
			buildActionMask = 2147483647;
			files = (
				7DFE27EB2C7199C800DB5AEE /* RxSwift in Frameworks */,
				7DFE27EE2C7199D300DB5AEE /* Alamofire in Frameworks */,
				7DFE27E92C7199C800DB5AEE /* RxCocoa in Frameworks */,
				7DFE280D2C72359C00DB5AEE /* Toast in Frameworks */,
				7DFE27E62C7199AD00DB5AEE /* SnapKit in Frameworks */,
			);
			runOnlyForDeploymentPostprocessing = 0;
		};
/* End PBXFrameworksBuildPhase section */

/* Begin PBXGroup section */
		7D6CCB152C6CEED800E56025 = {
			isa = PBXGroup;
			children = (
				7D6CCB352C6CEF2200E56025 /* .gitignore */,
				7D6CCB202C6CEED800E56025 /* MaPl-UPl */,
				7D6CCB1F2C6CEED800E56025 /* Products */,
			);
			sourceTree = "<group>";
		};
		7D6CCB1F2C6CEED800E56025 /* Products */ = {
			isa = PBXGroup;
			children = (
				7D6CCB1E2C6CEED800E56025 /* MaPl-UPl.app */,
			);
			name = Products;
			sourceTree = "<group>";
		};
		7D6CCB202C6CEED800E56025 /* MaPl-UPl */ = {
			isa = PBXGroup;
			children = (
				7DFE28002C71B97400DB5AEE /* Models */,
				7D6CCB9A2C6E4EBA00E56025 /* Resources */,
				7D6CCB992C6E4EB300E56025 /* Common */,
				7D6CCB982C6E4EA800E56025 /* Extension */,
				7D6CCB972C6E4E9500E56025 /* Components */,
				7D6CCB962C6E4E8400E56025 /* Pages */,
				7D6CCB372C6CF10600E56025 /* Networking */,
				7D6CCB212C6CEED800E56025 /* AppDelegate.swift */,
				7D6CCB232C6CEED800E56025 /* SceneDelegate.swift */,
				7D6CCB252C6CEED800E56025 /* ViewController.swift */,
				7D6CCB272C6CEED800E56025 /* Main.storyboard */,
				7D6CCB2C2C6CEEDB00E56025 /* LaunchScreen.storyboard */,
				7D6CCB2F2C6CEEDB00E56025 /* Info.plist */,
			);
			path = "MaPl-UPl";
			sourceTree = "<group>";
		};
		7D6CCB372C6CF10600E56025 /* Networking */ = {
			isa = PBXGroup;
			children = (
				7D6CCB3A2C6CF12400E56025 /* APIURL.swift */,
				7D6CCB3C2C6CF13700E56025 /* APIKey.swift */,
				7DFE27FE2C71B6BF00DB5AEE /* NetworkManager.swift */,
				7DFE28072C71FC8A00DB5AEE /* TargetType.swift */,
				7DFE28092C71FDA200DB5AEE /* Router.swift */,
			);
			path = Networking;
			sourceTree = "<group>";
		};
		7D6CCB962C6E4E8400E56025 /* Pages */ = {
			isa = PBXGroup;
			children = (
				7DFE28152C723AAC00DB5AEE /* PlaylistList */,
				7DFE28102C72393900DB5AEE /* PostPlaylist */,
				7DFE27D62C7194F000DB5AEE /* Login */,
			);
			path = Pages;
			sourceTree = "<group>";
		};
		7D6CCB972C6E4E9500E56025 /* Components */ = {
			isa = PBXGroup;
			children = (
				7DFE27FB2C71AB3800DB5AEE /* TextField */,
				7DFE27F62C71AA6700DB5AEE /* Button */,
				7DFE27DF2C71965C00DB5AEE /* Base */,
			);
			path = Components;
			sourceTree = "<group>";
		};
		7D6CCB982C6E4EA800E56025 /* Extension */ = {
			isa = PBXGroup;
			children = (
				7DFE27E22C71969F00DB5AEE /* UIView++.swift */,
				7DFE280E2C7238BB00DB5AEE /* UIViewController++.swift */,
			);
			path = Extension;
			sourceTree = "<group>";
		};
		7D6CCB992C6E4EB300E56025 /* Common */ = {
			isa = PBXGroup;
			children = (
				7DFE28042C71BA5D00DB5AEE /* PropertyWrapper */,
				7D6CCB9D2C6E512700E56025 /* Files */,
			);
			path = Common;
			sourceTree = "<group>";
		};
		7D6CCB9A2C6E4EBA00E56025 /* Resources */ = {
			isa = PBXGroup;
			children = (
				7D6CCB2A2C6CEEDB00E56025 /* Assets.xcassets */,
				7D6CCB9B2C6E4F3200E56025 /* Colors.xcassets */,
			);
			path = Resources;
			sourceTree = "<group>";
		};
		7D6CCB9D2C6E512700E56025 /* Files */ = {
			isa = PBXGroup;
			children = (
				7D6CCB9E2C6E513D00E56025 /* NameSpace.swift */,
			);
			path = Files;
			sourceTree = "<group>";
		};
		7DFE27D62C7194F000DB5AEE /* Login */ = {
			isa = PBXGroup;
			children = (
				7DFE27EF2C719ED300DB5AEE /* ViewModel */,
				7DFE27DA2C71957D00DB5AEE /* View */,
				7DFE27D92C71956900DB5AEE /* ViewController */,
			);
			path = Login;
			sourceTree = "<group>";
		};
		7DFE27D92C71956900DB5AEE /* ViewController */ = {
			isa = PBXGroup;
			children = (
				7DFE27D72C71953700DB5AEE /* LoginViewController.swift */,
			);
			path = ViewController;
			sourceTree = "<group>";
		};
		7DFE27DA2C71957D00DB5AEE /* View */ = {
			isa = PBXGroup;
			children = (
				7DFE27DD2C7195F400DB5AEE /* LoginView.swift */,
			);
			path = View;
			sourceTree = "<group>";
		};
		7DFE27DF2C71965C00DB5AEE /* Base */ = {
			isa = PBXGroup;
			children = (
				7DFE27E02C71966B00DB5AEE /* BaseView.swift */,
				7DFE27F22C71A7C000DB5AEE /* BaseViewController.swift */,
				7DFE27F42C71A7E400DB5AEE /* BaseViewModel.swift */,
			);
			path = Base;
			sourceTree = "<group>";
		};
		7DFE27EF2C719ED300DB5AEE /* ViewModel */ = {
			isa = PBXGroup;
			children = (
				7DFE27F02C719EDF00DB5AEE /* LoginViewModel.swift */,
			);
			path = ViewModel;
			sourceTree = "<group>";
		};
		7DFE27F62C71AA6700DB5AEE /* Button */ = {
			isa = PBXGroup;
			children = (
				7DFE27F92C71AA8600DB5AEE /* MainNormalButton.swift */,
			);
			path = Button;
			sourceTree = "<group>";
		};
		7DFE27FB2C71AB3800DB5AEE /* TextField */ = {
			isa = PBXGroup;
			children = (
				7DFE27FC2C71ABB700DB5AEE /* NormalOutlineTextField.swift */,
			);
			path = TextField;
			sourceTree = "<group>";
		};
		7DFE28002C71B97400DB5AEE /* Models */ = {
			isa = PBXGroup;
			children = (
				7DFE282D2C730F3A00DB5AEE /* Playlist */,
				7DFE28012C71B97B00DB5AEE /* Login */,
			);
			path = Models;
			sourceTree = "<group>";
		};
		7DFE28012C71B97B00DB5AEE /* Login */ = {
			isa = PBXGroup;
			children = (
				7DFE28022C71B99F00DB5AEE /* LoginModel.swift */,
			);
			path = Login;
			sourceTree = "<group>";
		};
		7DFE28042C71BA5D00DB5AEE /* PropertyWrapper */ = {
			isa = PBXGroup;
			children = (
				7DFE28052C71BA6F00DB5AEE /* UserDefaultsWrapper.swift */,
			);
			path = PropertyWrapper;
			sourceTree = "<group>";
		};
		7DFE28102C72393900DB5AEE /* PostPlaylist */ = {
			isa = PBXGroup;
			children = (
				7DFE282A2C72FFB900DB5AEE /* ViewModel */,
				7DFE28272C72FF6C00DB5AEE /* View */,
				7DFE28122C72395C00DB5AEE /* ViewController */,
			);
			path = PostPlaylist;
			sourceTree = "<group>";
		};
		7DFE28122C72395C00DB5AEE /* ViewController */ = {
			isa = PBXGroup;
			children = (
				7DFE28132C72397400DB5AEE /* PostPlaylistViewController.swift */,
			);
			path = ViewController;
			sourceTree = "<group>";
		};
		7DFE28152C723AAC00DB5AEE /* PlaylistList */ = {
			isa = PBXGroup;
			children = (
				7DFE28222C72F89E00DB5AEE /* ViewModel */,
				7DFE28212C72F89800DB5AEE /* View */,
				7DFE28162C723ABC00DB5AEE /* ViewController */,
			);
			path = PlaylistList;
			sourceTree = "<group>";
		};
		7DFE28162C723ABC00DB5AEE /* ViewController */ = {
			isa = PBXGroup;
			children = (
				7DFE28172C723AD000DB5AEE /* PlaylistListViewController.swift */,
			);
			path = ViewController;
			sourceTree = "<group>";
		};
		7DFE28212C72F89800DB5AEE /* View */ = {
			isa = PBXGroup;
			children = (
				7DFE28232C72F8B400DB5AEE /* PlaylistListView.swift */,
			);
			path = View;
			sourceTree = "<group>";
		};
		7DFE28222C72F89E00DB5AEE /* ViewModel */ = {
			isa = PBXGroup;
			children = (
				7DFE28252C72F8CF00DB5AEE /* PlaylistListViewModel.swift */,
			);
			path = ViewModel;
			sourceTree = "<group>";
		};
		7DFE28272C72FF6C00DB5AEE /* View */ = {
			isa = PBXGroup;
			children = (
				7DFE28282C72FF7700DB5AEE /* PostPlaylistView.swift */,
			);
			path = View;
			sourceTree = "<group>";
		};
		7DFE282A2C72FFB900DB5AEE /* ViewModel */ = {
			isa = PBXGroup;
			children = (
				7DFE282B2C72FFC000DB5AEE /* PostPlaylistViewModel.swift */,
			);
			path = ViewModel;
			sourceTree = "<group>";
		};
		7DFE282D2C730F3A00DB5AEE /* Playlist */ = {
			isa = PBXGroup;
			children = (
				7DFE282E2C730F5800DB5AEE /* PostPlaylistModel.swift */,
				7DFE28302C7313FD00DB5AEE /* Song.swift */,
			);
			path = Playlist;
			sourceTree = "<group>";
		};
/* End PBXGroup section */

/* Begin PBXNativeTarget section */
		7D6CCB1D2C6CEED800E56025 /* MaPl-UPl */ = {
			isa = PBXNativeTarget;
			buildConfigurationList = 7D6CCB322C6CEEDB00E56025 /* Build configuration list for PBXNativeTarget "MaPl-UPl" */;
			buildPhases = (
				7D6CCB1A2C6CEED800E56025 /* Sources */,
				7D6CCB1B2C6CEED800E56025 /* Frameworks */,
				7D6CCB1C2C6CEED800E56025 /* Resources */,
			);
			buildRules = (
			);
			dependencies = (
			);
			name = "MaPl-UPl";
			packageProductDependencies = (
				7DFE27E52C7199AD00DB5AEE /* SnapKit */,
				7DFE27E82C7199C800DB5AEE /* RxCocoa */,
				7DFE27EA2C7199C800DB5AEE /* RxSwift */,
				7DFE27ED2C7199D300DB5AEE /* Alamofire */,
				7DFE280C2C72359C00DB5AEE /* Toast */,
			);
			productName = "MaPl-UPl";
			productReference = 7D6CCB1E2C6CEED800E56025 /* MaPl-UPl.app */;
			productType = "com.apple.product-type.application";
		};
/* End PBXNativeTarget section */

/* Begin PBXProject section */
		7D6CCB162C6CEED800E56025 /* Project object */ = {
			isa = PBXProject;
			attributes = {
				BuildIndependentTargetsInParallel = 1;
				LastSwiftUpdateCheck = 1530;
				LastUpgradeCheck = 1530;
				TargetAttributes = {
					7D6CCB1D2C6CEED800E56025 = {
						CreatedOnToolsVersion = 15.3;
					};
				};
			};
			buildConfigurationList = 7D6CCB192C6CEED800E56025 /* Build configuration list for PBXProject "MaPl-UPl" */;
			compatibilityVersion = "Xcode 14.0";
			developmentRegion = en;
			hasScannedForEncodings = 0;
			knownRegions = (
				en,
				Base,
			);
			mainGroup = 7D6CCB152C6CEED800E56025;
			packageReferences = (
				7DFE27E42C7199AD00DB5AEE /* XCRemoteSwiftPackageReference "SnapKit" */,
				7DFE27E72C7199C800DB5AEE /* XCRemoteSwiftPackageReference "RxSwift" */,
				7DFE27EC2C7199D300DB5AEE /* XCRemoteSwiftPackageReference "Alamofire" */,
				7DFE280B2C72359B00DB5AEE /* XCRemoteSwiftPackageReference "Toast-Swift" */,
			);
			productRefGroup = 7D6CCB1F2C6CEED800E56025 /* Products */;
			projectDirPath = "";
			projectRoot = "";
			targets = (
				7D6CCB1D2C6CEED800E56025 /* MaPl-UPl */,
			);
		};
/* End PBXProject section */

/* Begin PBXResourcesBuildPhase section */
		7D6CCB1C2C6CEED800E56025 /* Resources */ = {
			isa = PBXResourcesBuildPhase;
			buildActionMask = 2147483647;
			files = (
				7D6CCB9C2C6E4F3200E56025 /* Colors.xcassets in Resources */,
				7D6CCB362C6CEF2200E56025 /* .gitignore in Resources */,
				7D6CCB2B2C6CEEDB00E56025 /* Assets.xcassets in Resources */,
				7D6CCB2E2C6CEEDB00E56025 /* Base in Resources */,
				7D6CCB292C6CEED800E56025 /* Base in Resources */,
			);
			runOnlyForDeploymentPostprocessing = 0;
		};
/* End PBXResourcesBuildPhase section */

/* Begin PBXSourcesBuildPhase section */
		7D6CCB1A2C6CEED800E56025 /* Sources */ = {
			isa = PBXSourcesBuildPhase;
			buildActionMask = 2147483647;
			files = (
				7DFE27D82C71953700DB5AEE /* LoginViewController.swift in Sources */,
				7D6CCB3B2C6CF12400E56025 /* APIURL.swift in Sources */,
				7DFE27F12C719EDF00DB5AEE /* LoginViewModel.swift in Sources */,
				7DFE282C2C72FFC000DB5AEE /* PostPlaylistViewModel.swift in Sources */,
				7D6CCB262C6CEED800E56025 /* ViewController.swift in Sources */,
				7DFE28142C72397400DB5AEE /* PostPlaylistViewController.swift in Sources */,
				7DFE27FF2C71B6BF00DB5AEE /* NetworkManager.swift in Sources */,
				7DFE28312C7313FD00DB5AEE /* Song.swift in Sources */,
				7D6CCB222C6CEED800E56025 /* AppDelegate.swift in Sources */,
				7DFE27F32C71A7C000DB5AEE /* BaseViewController.swift in Sources */,
				7D6CCB9F2C6E513D00E56025 /* NameSpace.swift in Sources */,
				7DFE28082C71FC8A00DB5AEE /* TargetType.swift in Sources */,
				7DFE28242C72F8B400DB5AEE /* PlaylistListView.swift in Sources */,
				7DFE28032C71B99F00DB5AEE /* LoginModel.swift in Sources */,
				7DFE27F52C71A7E400DB5AEE /* BaseViewModel.swift in Sources */,
				7DFE28182C723AD000DB5AEE /* PlaylistListViewController.swift in Sources */,
				7DFE28062C71BA6F00DB5AEE /* UserDefaultsWrapper.swift in Sources */,
				7DFE280A2C71FDA200DB5AEE /* Router.swift in Sources */,
				7D6CCB242C6CEED800E56025 /* SceneDelegate.swift in Sources */,
				7DFE280F2C7238BB00DB5AEE /* UIViewController++.swift in Sources */,
				7DFE282F2C730F5800DB5AEE /* PostPlaylistModel.swift in Sources */,
				7DFE27E12C71966B00DB5AEE /* BaseView.swift in Sources */,
				7DFE28262C72F8CF00DB5AEE /* PlaylistListViewModel.swift in Sources */,
				7DFE28292C72FF7700DB5AEE /* PostPlaylistView.swift in Sources */,
				7DFE27FD2C71ABB700DB5AEE /* NormalOutlineTextField.swift in Sources */,
				7DFE27DE2C7195F400DB5AEE /* LoginView.swift in Sources */,
				7DFE27FA2C71AA8600DB5AEE /* MainNormalButton.swift in Sources */,
				7DFE27E32C71969F00DB5AEE /* UIView++.swift in Sources */,
				7D6CCB3D2C6CF13700E56025 /* APIKey.swift in Sources */,
			);
			runOnlyForDeploymentPostprocessing = 0;
		};
/* End PBXSourcesBuildPhase section */

/* Begin PBXVariantGroup section */
		7D6CCB272C6CEED800E56025 /* Main.storyboard */ = {
			isa = PBXVariantGroup;
			children = (
				7D6CCB282C6CEED800E56025 /* Base */,
			);
			name = Main.storyboard;
			sourceTree = "<group>";
		};
		7D6CCB2C2C6CEEDB00E56025 /* LaunchScreen.storyboard */ = {
			isa = PBXVariantGroup;
			children = (
				7D6CCB2D2C6CEEDB00E56025 /* Base */,
			);
			name = LaunchScreen.storyboard;
			sourceTree = "<group>";
		};
/* End PBXVariantGroup section */

/* Begin XCBuildConfiguration section */
		7D6CCB302C6CEEDB00E56025 /* Debug */ = {
			isa = XCBuildConfiguration;
			buildSettings = {
				ALWAYS_SEARCH_USER_PATHS = NO;
				ASSETCATALOG_COMPILER_GENERATE_SWIFT_ASSET_SYMBOL_EXTENSIONS = YES;
				CLANG_ANALYZER_NONNULL = YES;
				CLANG_ANALYZER_NUMBER_OBJECT_CONVERSION = YES_AGGRESSIVE;
				CLANG_CXX_LANGUAGE_STANDARD = "gnu++20";
				CLANG_ENABLE_MODULES = YES;
				CLANG_ENABLE_OBJC_ARC = YES;
				CLANG_ENABLE_OBJC_WEAK = YES;
				CLANG_WARN_BLOCK_CAPTURE_AUTORELEASING = YES;
				CLANG_WARN_BOOL_CONVERSION = YES;
				CLANG_WARN_COMMA = YES;
				CLANG_WARN_CONSTANT_CONVERSION = YES;
				CLANG_WARN_DEPRECATED_OBJC_IMPLEMENTATIONS = YES;
				CLANG_WARN_DIRECT_OBJC_ISA_USAGE = YES_ERROR;
				CLANG_WARN_DOCUMENTATION_COMMENTS = YES;
				CLANG_WARN_EMPTY_BODY = YES;
				CLANG_WARN_ENUM_CONVERSION = YES;
				CLANG_WARN_INFINITE_RECURSION = YES;
				CLANG_WARN_INT_CONVERSION = YES;
				CLANG_WARN_NON_LITERAL_NULL_CONVERSION = YES;
				CLANG_WARN_OBJC_IMPLICIT_RETAIN_SELF = YES;
				CLANG_WARN_OBJC_LITERAL_CONVERSION = YES;
				CLANG_WARN_OBJC_ROOT_CLASS = YES_ERROR;
				CLANG_WARN_QUOTED_INCLUDE_IN_FRAMEWORK_HEADER = YES;
				CLANG_WARN_RANGE_LOOP_ANALYSIS = YES;
				CLANG_WARN_STRICT_PROTOTYPES = YES;
				CLANG_WARN_SUSPICIOUS_MOVE = YES;
				CLANG_WARN_UNGUARDED_AVAILABILITY = YES_AGGRESSIVE;
				CLANG_WARN_UNREACHABLE_CODE = YES;
				CLANG_WARN__DUPLICATE_METHOD_MATCH = YES;
				COPY_PHASE_STRIP = NO;
				DEBUG_INFORMATION_FORMAT = dwarf;
				ENABLE_STRICT_OBJC_MSGSEND = YES;
				ENABLE_TESTABILITY = YES;
				ENABLE_USER_SCRIPT_SANDBOXING = YES;
				GCC_C_LANGUAGE_STANDARD = gnu17;
				GCC_DYNAMIC_NO_PIC = NO;
				GCC_NO_COMMON_BLOCKS = YES;
				GCC_OPTIMIZATION_LEVEL = 0;
				GCC_PREPROCESSOR_DEFINITIONS = (
					"DEBUG=1",
					"$(inherited)",
				);
				GCC_WARN_64_TO_32_BIT_CONVERSION = YES;
				GCC_WARN_ABOUT_RETURN_TYPE = YES_ERROR;
				GCC_WARN_UNDECLARED_SELECTOR = YES;
				GCC_WARN_UNINITIALIZED_AUTOS = YES_AGGRESSIVE;
				GCC_WARN_UNUSED_FUNCTION = YES;
				GCC_WARN_UNUSED_VARIABLE = YES;
				IPHONEOS_DEPLOYMENT_TARGET = 17.4;
				LOCALIZATION_PREFERS_STRING_CATALOGS = YES;
				MTL_ENABLE_DEBUG_INFO = INCLUDE_SOURCE;
				MTL_FAST_MATH = YES;
				ONLY_ACTIVE_ARCH = YES;
				SDKROOT = iphoneos;
				SWIFT_ACTIVE_COMPILATION_CONDITIONS = "DEBUG $(inherited)";
				SWIFT_OPTIMIZATION_LEVEL = "-Onone";
			};
			name = Debug;
		};
		7D6CCB312C6CEEDB00E56025 /* Release */ = {
			isa = XCBuildConfiguration;
			buildSettings = {
				ALWAYS_SEARCH_USER_PATHS = NO;
				ASSETCATALOG_COMPILER_GENERATE_SWIFT_ASSET_SYMBOL_EXTENSIONS = YES;
				CLANG_ANALYZER_NONNULL = YES;
				CLANG_ANALYZER_NUMBER_OBJECT_CONVERSION = YES_AGGRESSIVE;
				CLANG_CXX_LANGUAGE_STANDARD = "gnu++20";
				CLANG_ENABLE_MODULES = YES;
				CLANG_ENABLE_OBJC_ARC = YES;
				CLANG_ENABLE_OBJC_WEAK = YES;
				CLANG_WARN_BLOCK_CAPTURE_AUTORELEASING = YES;
				CLANG_WARN_BOOL_CONVERSION = YES;
				CLANG_WARN_COMMA = YES;
				CLANG_WARN_CONSTANT_CONVERSION = YES;
				CLANG_WARN_DEPRECATED_OBJC_IMPLEMENTATIONS = YES;
				CLANG_WARN_DIRECT_OBJC_ISA_USAGE = YES_ERROR;
				CLANG_WARN_DOCUMENTATION_COMMENTS = YES;
				CLANG_WARN_EMPTY_BODY = YES;
				CLANG_WARN_ENUM_CONVERSION = YES;
				CLANG_WARN_INFINITE_RECURSION = YES;
				CLANG_WARN_INT_CONVERSION = YES;
				CLANG_WARN_NON_LITERAL_NULL_CONVERSION = YES;
				CLANG_WARN_OBJC_IMPLICIT_RETAIN_SELF = YES;
				CLANG_WARN_OBJC_LITERAL_CONVERSION = YES;
				CLANG_WARN_OBJC_ROOT_CLASS = YES_ERROR;
				CLANG_WARN_QUOTED_INCLUDE_IN_FRAMEWORK_HEADER = YES;
				CLANG_WARN_RANGE_LOOP_ANALYSIS = YES;
				CLANG_WARN_STRICT_PROTOTYPES = YES;
				CLANG_WARN_SUSPICIOUS_MOVE = YES;
				CLANG_WARN_UNGUARDED_AVAILABILITY = YES_AGGRESSIVE;
				CLANG_WARN_UNREACHABLE_CODE = YES;
				CLANG_WARN__DUPLICATE_METHOD_MATCH = YES;
				COPY_PHASE_STRIP = NO;
				DEBUG_INFORMATION_FORMAT = "dwarf-with-dsym";
				ENABLE_NS_ASSERTIONS = NO;
				ENABLE_STRICT_OBJC_MSGSEND = YES;
				ENABLE_USER_SCRIPT_SANDBOXING = YES;
				GCC_C_LANGUAGE_STANDARD = gnu17;
				GCC_NO_COMMON_BLOCKS = YES;
				GCC_WARN_64_TO_32_BIT_CONVERSION = YES;
				GCC_WARN_ABOUT_RETURN_TYPE = YES_ERROR;
				GCC_WARN_UNDECLARED_SELECTOR = YES;
				GCC_WARN_UNINITIALIZED_AUTOS = YES_AGGRESSIVE;
				GCC_WARN_UNUSED_FUNCTION = YES;
				GCC_WARN_UNUSED_VARIABLE = YES;
				IPHONEOS_DEPLOYMENT_TARGET = 17.4;
				LOCALIZATION_PREFERS_STRING_CATALOGS = YES;
				MTL_ENABLE_DEBUG_INFO = NO;
				MTL_FAST_MATH = YES;
				SDKROOT = iphoneos;
				SWIFT_COMPILATION_MODE = wholemodule;
				VALIDATE_PRODUCT = YES;
			};
			name = Release;
		};
		7D6CCB332C6CEEDB00E56025 /* Debug */ = {
			isa = XCBuildConfiguration;
			buildSettings = {
				ASSETCATALOG_COMPILER_APPICON_NAME = AppIcon;
				ASSETCATALOG_COMPILER_GLOBAL_ACCENT_COLOR_NAME = AccentColor;
				CODE_SIGN_STYLE = Automatic;
				CURRENT_PROJECT_VERSION = 1;
				DEVELOPMENT_TEAM = 5B4DDA3JD6;
				GENERATE_INFOPLIST_FILE = YES;
				INFOPLIST_FILE = "MaPl-UPl/Info.plist";
				INFOPLIST_KEY_UIApplicationSupportsIndirectInputEvents = YES;
				INFOPLIST_KEY_UILaunchStoryboardName = LaunchScreen;
				INFOPLIST_KEY_UIMainStoryboardFile = Main;
				INFOPLIST_KEY_UISupportedInterfaceOrientations = UIInterfaceOrientationPortrait;
				INFOPLIST_KEY_UISupportedInterfaceOrientations_iPad = "UIInterfaceOrientationLandscapeLeft UIInterfaceOrientationLandscapeRight UIInterfaceOrientationPortrait UIInterfaceOrientationPortraitUpsideDown";
				IPHONEOS_DEPLOYMENT_TARGET = 17.0;
				LD_RUNPATH_SEARCH_PATHS = (
					"$(inherited)",
					"@executable_path/Frameworks",
				);
				MARKETING_VERSION = 1.0;
				PRODUCT_BUNDLE_IDENTIFIER = "com.yeonju.MaPl-UPl";
				PRODUCT_NAME = "$(TARGET_NAME)";
				SUPPORTED_PLATFORMS = "iphoneos iphonesimulator";
				SUPPORTS_MACCATALYST = NO;
				SUPPORTS_MAC_DESIGNED_FOR_IPHONE_IPAD = NO;
				SUPPORTS_XR_DESIGNED_FOR_IPHONE_IPAD = NO;
				SWIFT_EMIT_LOC_STRINGS = YES;
				SWIFT_VERSION = 5.0;
				TARGETED_DEVICE_FAMILY = 1;
			};
			name = Debug;
		};
		7D6CCB342C6CEEDB00E56025 /* Release */ = {
			isa = XCBuildConfiguration;
			buildSettings = {
				ASSETCATALOG_COMPILER_APPICON_NAME = AppIcon;
				ASSETCATALOG_COMPILER_GLOBAL_ACCENT_COLOR_NAME = AccentColor;
				CODE_SIGN_STYLE = Automatic;
				CURRENT_PROJECT_VERSION = 1;
				DEVELOPMENT_TEAM = 5B4DDA3JD6;
				GENERATE_INFOPLIST_FILE = YES;
				INFOPLIST_FILE = "MaPl-UPl/Info.plist";
				INFOPLIST_KEY_UIApplicationSupportsIndirectInputEvents = YES;
				INFOPLIST_KEY_UILaunchStoryboardName = LaunchScreen;
				INFOPLIST_KEY_UIMainStoryboardFile = Main;
				INFOPLIST_KEY_UISupportedInterfaceOrientations = UIInterfaceOrientationPortrait;
				INFOPLIST_KEY_UISupportedInterfaceOrientations_iPad = "UIInterfaceOrientationLandscapeLeft UIInterfaceOrientationLandscapeRight UIInterfaceOrientationPortrait UIInterfaceOrientationPortraitUpsideDown";
				IPHONEOS_DEPLOYMENT_TARGET = 17.0;
				LD_RUNPATH_SEARCH_PATHS = (
					"$(inherited)",
					"@executable_path/Frameworks",
				);
				MARKETING_VERSION = 1.0;
				PRODUCT_BUNDLE_IDENTIFIER = "com.yeonju.MaPl-UPl";
				PRODUCT_NAME = "$(TARGET_NAME)";
				SUPPORTED_PLATFORMS = "iphoneos iphonesimulator";
				SUPPORTS_MACCATALYST = NO;
				SUPPORTS_MAC_DESIGNED_FOR_IPHONE_IPAD = NO;
				SUPPORTS_XR_DESIGNED_FOR_IPHONE_IPAD = NO;
				SWIFT_EMIT_LOC_STRINGS = YES;
				SWIFT_VERSION = 5.0;
				TARGETED_DEVICE_FAMILY = 1;
			};
			name = Release;
		};
/* End XCBuildConfiguration section */

/* Begin XCConfigurationList section */
		7D6CCB192C6CEED800E56025 /* Build configuration list for PBXProject "MaPl-UPl" */ = {
			isa = XCConfigurationList;
			buildConfigurations = (
				7D6CCB302C6CEEDB00E56025 /* Debug */,
				7D6CCB312C6CEEDB00E56025 /* Release */,
			);
			defaultConfigurationIsVisible = 0;
			defaultConfigurationName = Release;
		};
		7D6CCB322C6CEEDB00E56025 /* Build configuration list for PBXNativeTarget "MaPl-UPl" */ = {
			isa = XCConfigurationList;
			buildConfigurations = (
				7D6CCB332C6CEEDB00E56025 /* Debug */,
				7D6CCB342C6CEEDB00E56025 /* Release */,
			);
			defaultConfigurationIsVisible = 0;
			defaultConfigurationName = Release;
		};
/* End XCConfigurationList section */

/* Begin XCRemoteSwiftPackageReference section */
		7DFE27E42C7199AD00DB5AEE /* XCRemoteSwiftPackageReference "SnapKit" */ = {
			isa = XCRemoteSwiftPackageReference;
			repositoryURL = "https://github.com/SnapKit/SnapKit.git";
			requirement = {
				kind = upToNextMajorVersion;
				minimumVersion = 5.7.1;
			};
		};
		7DFE27E72C7199C800DB5AEE /* XCRemoteSwiftPackageReference "RxSwift" */ = {
			isa = XCRemoteSwiftPackageReference;
			repositoryURL = "https://github.com/ReactiveX/RxSwift.git";
			requirement = {
				kind = upToNextMajorVersion;
				minimumVersion = 6.7.1;
			};
		};
		7DFE27EC2C7199D300DB5AEE /* XCRemoteSwiftPackageReference "Alamofire" */ = {
			isa = XCRemoteSwiftPackageReference;
			repositoryURL = "https://github.com/Alamofire/Alamofire.git";
			requirement = {
				kind = upToNextMajorVersion;
				minimumVersion = 5.9.1;
			};
		};
		7DFE280B2C72359B00DB5AEE /* XCRemoteSwiftPackageReference "Toast-Swift" */ = {
			isa = XCRemoteSwiftPackageReference;
			repositoryURL = "https://github.com/scalessec/Toast-Swift.git";
			requirement = {
				kind = upToNextMajorVersion;
				minimumVersion = 5.1.1;
			};
		};
/* End XCRemoteSwiftPackageReference section */

/* Begin XCSwiftPackageProductDependency section */
		7DFE27E52C7199AD00DB5AEE /* SnapKit */ = {
			isa = XCSwiftPackageProductDependency;
			package = 7DFE27E42C7199AD00DB5AEE /* XCRemoteSwiftPackageReference "SnapKit" */;
			productName = SnapKit;
		};
		7DFE27E82C7199C800DB5AEE /* RxCocoa */ = {
			isa = XCSwiftPackageProductDependency;
			package = 7DFE27E72C7199C800DB5AEE /* XCRemoteSwiftPackageReference "RxSwift" */;
			productName = RxCocoa;
		};
		7DFE27EA2C7199C800DB5AEE /* RxSwift */ = {
			isa = XCSwiftPackageProductDependency;
			package = 7DFE27E72C7199C800DB5AEE /* XCRemoteSwiftPackageReference "RxSwift" */;
			productName = RxSwift;
		};
		7DFE27ED2C7199D300DB5AEE /* Alamofire */ = {
			isa = XCSwiftPackageProductDependency;
			package = 7DFE27EC2C7199D300DB5AEE /* XCRemoteSwiftPackageReference "Alamofire" */;
			productName = Alamofire;
		};
		7DFE280C2C72359C00DB5AEE /* Toast */ = {
			isa = XCSwiftPackageProductDependency;
			package = 7DFE280B2C72359B00DB5AEE /* XCRemoteSwiftPackageReference "Toast-Swift" */;
			productName = Toast;
		};
/* End XCSwiftPackageProductDependency section */
	};
	rootObject = 7D6CCB162C6CEED800E56025 /* Project object */;
}
